
Microsoft Visual Studio Solution File, Format Version 12.00
# Visual Studio 15
VisualStudioVersion = 15.0.28307.438
MinimumVisualStudioVersion = 10.0.40219.1
Project("{FAE04EC0-301F-11D3-BF4B-00C04F79EFBC}") = "OpenCart.Tests", "RegisterAccount\OpenCart.Tests.csproj", "{D1447F5B-596E-47D1-BB35-B7047BEF8B69}"
EndProject
Project("{FAE04EC0-301F-11D3-BF4B-00C04F79EFBC}") = "OpenCart.UI", "OpenCart.UI\OpenCart.UI.csproj", "{838767EB-FBBA-4388-9196-FBB097D78E4F}"
EndProject
Project("{FAE04EC0-301F-11D3-BF4B-00C04F79EFBC}") = "OpenCart.Framework", "OpenCart.Framework\OpenCart.Framework.csproj", "{FB77BA04-73FB-4F17-8377-140C86198193}"
EndProject
Global
	GlobalSection(SolutionConfigurationPlatforms) = preSolution
		Debug|Any CPU = Debug|Any CPU
		Release|Any CPU = Release|Any CPU
	EndGlobalSection
	GlobalSection(ProjectConfigurationPlatforms) = postSolution
		{D1447F5B-596E-47D1-BB35-B7047BEF8B69}.Debug|Any CPU.ActiveCfg = Debug|Any CPU
		{D1447F5B-596E-47D1-BB35-B7047BEF8B69}.Debug|Any CPU.Build.0 = Debug|Any CPU
		{D1447F5B-596E-47D1-BB35-B7047BEF8B69}.Release|Any CPU.ActiveCfg = Release|Any CPU
		{D1447F5B-596E-47D1-BB35-B7047BEF8B69}.Release|Any CPU.Build.0 = Release|Any CPU
		{838767EB-FBBA-4388-9196-FBB097D78E4F}.Debug|Any CPU.ActiveCfg = Debug|Any CPU
		{838767EB-FBBA-4388-9196-FBB097D78E4F}.Debug|Any CPU.Build.0 = Debug|Any CPU
		{838767EB-FBBA-4388-9196-FBB097D78E4F}.Release|Any CPU.ActiveCfg = Release|Any CPU
		{838767EB-FBBA-4388-9196-FBB097D78E4F}.Release|Any CPU.Build.0 = Release|Any CPU
		{FB77BA04-73FB-4F17-8377-140C86198193}.Debug|Any CPU.ActiveCfg = Debug|Any CPU
		{FB77BA04-73FB-4F17-8377-140C86198193}.Debug|Any CPU.Build.0 = Debug|Any CPU
		{FB77BA04-73FB-4F17-8377-140C86198193}.Release|Any CPU.ActiveCfg = Release|Any CPU
		{FB77BA04-73FB-4F17-8377-140C86198193}.Release|Any CPU.Build.0 = Release|Any CPU
	EndGlobalSection
	GlobalSection(SolutionProperties) = preSolution
		HideSolutionNode = FALSE
	EndGlobalSection
	GlobalSection(ExtensibilityGlobals) = postSolution
		SolutionGuid = {A851E50B-1B18-4A17-8FCB-29A88BCE9154}
	EndGlobalSection
EndGlobal
